
Microsoft Visual Studio Solution File, Format Version 12.00
# Visual Studio Version 17
VisualStudioVersion = 17.4.33213.308
MinimumVisualStudioVersion = 10.0.40219.1
Project("{FAE04EC0-301F-11D3-BF4B-00C04F79EFBC}") = "WIne_Suggestions", "WIne_Suggestions\WIne_Suggestions.csproj", "{7FBE0ACB-BE91-470E-9525-56756FFF5E9E}"
EndProject
Global
	GlobalSection(SolutionConfigurationPlatforms) = preSolution
		Debug|Any CPU = Debug|Any CPU
		Release|Any CPU = Release|Any CPU
	EndGlobalSection
	GlobalSection(ProjectConfigurationPlatforms) = postSolution
		{7FBE0ACB-BE91-470E-9525-56756FFF5E9E}.Debug|Any CPU.ActiveCfg = Debug|Any CPU
		{7FBE0ACB-BE91-470E-9525-56756FFF5E9E}.Debug|Any CPU.Build.0 = Debug|Any CPU
		{7FBE0ACB-BE91-470E-9525-56756FFF5E9E}.Release|Any CPU.ActiveCfg = Release|Any CPU
		{7FBE0ACB-BE91-470E-9525-56756FFF5E9E}.Release|Any CPU.Build.0 = Release|Any CPU
	EndGlobalSection
	GlobalSection(SolutionProperties) = preSolution
		HideSolutionNode = FALSE
	EndGlobalSection
	GlobalSection(ExtensibilityGlobals) = postSolution
		SolutionGuid = {279557B1-A234-4A80-83D1-746679185A80}
	EndGlobalSection
EndGlobal
